// !$*UTF8*$!
{
	archiveVersion = 1;
	classes = {
	};
	objectVersion = 46;
	objects = {

/* Begin PBXBuildFile section */
		FB20619E172A22F000B24D0A /* matrix_util.cpp in Sources */ = {isa = PBXBuildFile; fileRef = FB20619C172A22EF00B24D0A /* matrix_util.cpp */; };
		FB2061A1172A27E600B24D0A /* test.cpp in Sources */ = {isa = PBXBuildFile; fileRef = FB20619F172A27E600B24D0A /* test.cpp */; };
		FB628AA0172B10AB00EDA53D /* stump_classifier.cpp in Sources */ = {isa = PBXBuildFile; fileRef = FB628A9E172B10AB00EDA53D /* stump_classifier.cpp */; };
		FB628AA3172B1D1800EDA53D /* math_util.cpp in Sources */ = {isa = PBXBuildFile; fileRef = FB628AA1172B1D1700EDA53D /* math_util.cpp */; };
		FBB37737172CC47300092972 /* boost_classifier.cpp in Sources */ = {isa = PBXBuildFile; fileRef = FBB37735172CC47300092972 /* boost_classifier.cpp */; };
		FBB3773A172CC8AA00092972 /* boost_tree_helper.cpp in Sources */ = {isa = PBXBuildFile; fileRef = FBB37738172CC8AA00092972 /* boost_tree_helper.cpp */; };
		FBB3773D172DF9A900092972 /* feature_hashing_classifier.cpp in Sources */ = {isa = PBXBuildFile; fileRef = FBB3773B172DF9A800092972 /* feature_hashing_classifier.cpp */; };
		FBC63AF3170E39D700150828 /* main.cpp in Sources */ = {isa = PBXBuildFile; fileRef = FBC63AF2170E39D700150828 /* main.cpp */; };
		FBC63AF5170E39D700150828 /* BoostedDecisionTree.1 in CopyFiles */ = {isa = PBXBuildFile; fileRef = FBC63AF4170E39D700150828 /* BoostedDecisionTree.1 */; };
		FBC69C11171611C40014806A /* stringutil.cpp in Sources */ = {isa = PBXBuildFile; fileRef = FBC69C0E171611C40014806A /* stringutil.cpp */; };
		FBC69C13171611F40014806A /* makefile in Sources */ = {isa = PBXBuildFile; fileRef = FBC69C12171611F40014806A /* makefile */; };
		FBC69C15171612810014806A /* makefile in Sources */ = {isa = PBXBuildFile; fileRef = FBC69C14171612810014806A /* makefile */; };
		FBC69C1B17161AF60014806A /* data_processor.cpp in Sources */ = {isa = PBXBuildFile; fileRef = FBC69C1917161AF60014806A /* data_processor.cpp */; };
/* End PBXBuildFile section */

/* Begin PBXCopyFilesBuildPhase section */
		FBC63AED170E39D700150828 /* CopyFiles */ = {
			isa = PBXCopyFilesBuildPhase;
			buildActionMask = 2147483647;
			dstPath = /usr/share/man/man1/;
			dstSubfolderSpec = 0;
			files = (
				FBC63AF5170E39D700150828 /* BoostedDecisionTree.1 in CopyFiles */,
			);
			runOnlyForDeploymentPostprocessing = 1;
		};
/* End PBXCopyFilesBuildPhase section */

/* Begin PBXFileReference section */
		FB20619C172A22EF00B24D0A /* matrix_util.cpp */ = {isa = PBXFileReference; fileEncoding = 4; lastKnownFileType = sourcecode.cpp.cpp; path = matrix_util.cpp; sourceTree = "<group>"; };
		FB20619D172A22EF00B24D0A /* matrix_util.h */ = {isa = PBXFileReference; fileEncoding = 4; lastKnownFileType = sourcecode.c.h; path = matrix_util.h; sourceTree = "<group>"; };
		FB20619F172A27E600B24D0A /* test.cpp */ = {isa = PBXFileReference; fileEncoding = 4; lastKnownFileType = sourcecode.cpp.cpp; path = test.cpp; sourceTree = "<group>"; };
		FB2061A2172A2AD800B24D0A /* typeredef.h */ = {isa = PBXFileReference; lastKnownFileType = sourcecode.c.h; path = typeredef.h; sourceTree = "<group>"; };
		FB628A9E172B10AB00EDA53D /* stump_classifier.cpp */ = {isa = PBXFileReference; fileEncoding = 4; lastKnownFileType = sourcecode.cpp.cpp; path = stump_classifier.cpp; sourceTree = "<group>"; };
		FB628A9F172B10AB00EDA53D /* stump_classifier.h */ = {isa = PBXFileReference; fileEncoding = 4; lastKnownFileType = sourcecode.c.h; path = stump_classifier.h; sourceTree = "<group>"; };
		FB628AA1172B1D1700EDA53D /* math_util.cpp */ = {isa = PBXFileReference; fileEncoding = 4; lastKnownFileType = sourcecode.cpp.cpp; path = math_util.cpp; sourceTree = "<group>"; };
		FB628AA2172B1D1700EDA53D /* math_util.h */ = {isa = PBXFileReference; fileEncoding = 4; lastKnownFileType = sourcecode.c.h; path = math_util.h; sourceTree = "<group>"; };
		FBB37735172CC47300092972 /* boost_classifier.cpp */ = {isa = PBXFileReference; fileEncoding = 4; lastKnownFileType = sourcecode.cpp.cpp; path = boost_classifier.cpp; sourceTree = "<group>"; };
		FBB37736172CC47300092972 /* boost_classifier.h */ = {isa = PBXFileReference; fileEncoding = 4; lastKnownFileType = sourcecode.c.h; path = boost_classifier.h; sourceTree = "<group>"; };
		FBB37738172CC8AA00092972 /* boost_tree_helper.cpp */ = {isa = PBXFileReference; fileEncoding = 4; lastKnownFileType = sourcecode.cpp.cpp; path = boost_tree_helper.cpp; sourceTree = "<group>"; };
		FBB37739172CC8AA00092972 /* boost_tree_helper.h */ = {isa = PBXFileReference; fileEncoding = 4; lastKnownFileType = sourcecode.c.h; path = boost_tree_helper.h; sourceTree = "<group>"; };
		FBB3773B172DF9A800092972 /* feature_hashing_classifier.cpp */ = {isa = PBXFileReference; fileEncoding = 4; lastKnownFileType = sourcecode.cpp.cpp; path = feature_hashing_classifier.cpp; sourceTree = "<group>"; };
		FBB3773C172DF9A800092972 /* feature_hashing_classifier.h */ = {isa = PBXFileReference; fileEncoding = 4; lastKnownFileType = sourcecode.c.h; path = feature_hashing_classifier.h; sourceTree = "<group>"; };
		FBC63AEF170E39D700150828 /* BoostedDecisionTree */ = {isa = PBXFileReference; explicitFileType = "compiled.mach-o.executable"; includeInIndex = 0; path = BoostedDecisionTree; sourceTree = BUILT_PRODUCTS_DIR; };
		FBC63AF2170E39D700150828 /* main.cpp */ = {isa = PBXFileReference; lastKnownFileType = sourcecode.cpp.cpp; path = main.cpp; sourceTree = "<group>"; };
		FBC63AF4170E39D700150828 /* BoostedDecisionTree.1 */ = {isa = PBXFileReference; lastKnownFileType = text.man; path = BoostedDecisionTree.1; sourceTree = "<group>"; };
		FBC69C0E171611C40014806A /* stringutil.cpp */ = {isa = PBXFileReference; fileEncoding = 4; lastKnownFileType = sourcecode.cpp.cpp; path = stringutil.cpp; sourceTree = "<group>"; };
		FBC69C0F171611C40014806A /* stringutil.h */ = {isa = PBXFileReference; fileEncoding = 4; lastKnownFileType = sourcecode.c.h; path = stringutil.h; sourceTree = "<group>"; };
		FBC69C12171611F40014806A /* makefile */ = {isa = PBXFileReference; fileEncoding = 4; lastKnownFileType = sourcecode.make; path = makefile; sourceTree = "<group>"; };
		FBC69C14171612810014806A /* makefile */ = {isa = PBXFileReference; fileEncoding = 4; lastKnownFileType = sourcecode.make; name = makefile; path = ../../../../fsp/l2/makefile; sourceTree = "<group>"; };
		FBC69C17171619910014806A /* classifier.h */ = {isa = PBXFileReference; fileEncoding = 4; lastKnownFileType = sourcecode.c.h; path = classifier.h; sourceTree = "<group>"; };
		FBC69C1917161AF60014806A /* data_processor.cpp */ = {isa = PBXFileReference; fileEncoding = 4; lastKnownFileType = sourcecode.cpp.cpp; path = data_processor.cpp; sourceTree = "<group>"; };
		FBC69C1A17161AF60014806A /* data_processor.h */ = {isa = PBXFileReference; fileEncoding = 4; lastKnownFileType = sourcecode.c.h; path = data_processor.h; sourceTree = "<group>"; };
/* End PBXFileReference section */

/* Begin PBXFrameworksBuildPhase section */
		FB86E101170EA14D00CE6764 /* Frameworks */ = {
			isa = PBXFrameworksBuildPhase;
			buildActionMask = 2147483647;
			files = (
			);
			runOnlyForDeploymentPostprocessing = 0;
		};
/* End PBXFrameworksBuildPhase section */

/* Begin PBXGroup section */
		FBC63AE6170E39D700150828 = {
			isa = PBXGroup;
			children = (
				FBC63AF1170E39D700150828 /* BoostedDecisionTree */,
				FBC63AF0170E39D700150828 /* Products */,
			);
			sourceTree = "<group>";
		};
		FBC63AF0170E39D700150828 /* Products */ = {
			isa = PBXGroup;
			children = (
				FBC63AEF170E39D700150828 /* BoostedDecisionTree */,
			);
			name = Products;
			sourceTree = "<group>";
		};
		FBC63AF1170E39D700150828 /* BoostedDecisionTree */ = {
			isa = PBXGroup;
			children = (
				FBB37735172CC47300092972 /* boost_classifier.cpp */,
				FBB37736172CC47300092972 /* boost_classifier.h */,
				FBC69C12171611F40014806A /* makefile */,
				FBC69C14171612810014806A /* makefile */,
				FBC69C0E171611C40014806A /* stringutil.cpp */,
				FBC69C0F171611C40014806A /* stringutil.h */,
				FBC63AF2170E39D700150828 /* main.cpp */,
				FBC63AF4170E39D700150828 /* BoostedDecisionTree.1 */,
				FBC69C17171619910014806A /* classifier.h */,
				FBC69C1917161AF60014806A /* data_processor.cpp */,
				FBC69C1A17161AF60014806A /* data_processor.h */,
				FB20619C172A22EF00B24D0A /* matrix_util.cpp */,
				FB20619D172A22EF00B24D0A /* matrix_util.h */,
				FB20619F172A27E600B24D0A /* test.cpp */,
				FB2061A2172A2AD800B24D0A /* typeredef.h */,
				FB628A9E172B10AB00EDA53D /* stump_classifier.cpp */,
				FB628A9F172B10AB00EDA53D /* stump_classifier.h */,
				FB628AA1172B1D1700EDA53D /* math_util.cpp */,
				FB628AA2172B1D1700EDA53D /* math_util.h */,
				FBB37738172CC8AA00092972 /* boost_tree_helper.cpp */,
				FBB37739172CC8AA00092972 /* boost_tree_helper.h */,
				FBB3773B172DF9A800092972 /* feature_hashing_classifier.cpp */,
				FBB3773C172DF9A800092972 /* feature_hashing_classifier.h */,
			);
			path = BoostedDecisionTree;
			sourceTree = "<group>";
		};
/* End PBXGroup section */

/* Begin PBXNativeTarget section */
		FBC63AEE170E39D700150828 /* BoostedDecisionTree */ = {
			isa = PBXNativeTarget;
			buildConfigurationList = FBC63AF8170E39D700150828 /* Build configuration list for PBXNativeTarget "BoostedDecisionTree" */;
			buildPhases = (
				FB86E101170EA14D00CE6764 /* Frameworks */,
				FBC63AEB170E39D700150828 /* Sources */,
				FBC63AED170E39D700150828 /* CopyFiles */,
			);
			buildRules = (
			);
			dependencies = (
			);
			name = BoostedDecisionTree;
			productName = BoostedDecisionTree;
			productReference = FBC63AEF170E39D700150828 /* BoostedDecisionTree */;
			productType = "com.apple.product-type.tool";
		};
/* End PBXNativeTarget section */

/* Begin PBXProject section */
		FBC63AE7170E39D700150828 /* Project object */ = {
			isa = PBXProject;
			attributes = {
				LastUpgradeCheck = 0460;
				ORGANIZATIONNAME = "Ze Wang";
			};
			buildConfigurationList = FBC63AEA170E39D700150828 /* Build configuration list for PBXProject "BoostedDecisionTree" */;
			compatibilityVersion = "Xcode 3.2";
			developmentRegion = English;
			hasScannedForEncodings = 0;
			knownRegions = (
				en,
			);
			mainGroup = FBC63AE6170E39D700150828;
			productRefGroup = FBC63AF0170E39D700150828 /* Products */;
			projectDirPath = "";
			projectRoot = "";
			targets = (
				FBC63AEE170E39D700150828 /* BoostedDecisionTree */,
			);
		};
/* End PBXProject section */

/* Begin PBXSourcesBuildPhase section */
		FBC63AEB170E39D700150828 /* Sources */ = {
			isa = PBXSourcesBuildPhase;
			buildActionMask = 2147483647;
			files = (
				FBC63AF3170E39D700150828 /* main.cpp in Sources */,
				FBC69C11171611C40014806A /* stringutil.cpp in Sources */,
				FBC69C13171611F40014806A /* makefile in Sources */,
				FBC69C15171612810014806A /* makefile in Sources */,
				FBC69C1B17161AF60014806A /* data_processor.cpp in Sources */,
				FB20619E172A22F000B24D0A /* matrix_util.cpp in Sources */,
				FB2061A1172A27E600B24D0A /* test.cpp in Sources */,
				FB628AA0172B10AB00EDA53D /* stump_classifier.cpp in Sources */,
				FB628AA3172B1D1800EDA53D /* math_util.cpp in Sources */,
				FBB37737172CC47300092972 /* boost_classifier.cpp in Sources */,
				FBB3773A172CC8AA00092972 /* boost_tree_helper.cpp in Sources */,
				FBB3773D172DF9A900092972 /* feature_hashing_classifier.cpp in Sources */,
			);
			runOnlyForDeploymentPostprocessing = 0;
		};
/* End PBXSourcesBuildPhase section */

/* Begin XCBuildConfiguration section */
		FBC63AF6170E39D700150828 /* Debug */ = {
			isa = XCBuildConfiguration;
			buildSettings = {
				ALWAYS_SEARCH_USER_PATHS = YES;
				ARCHS = "$(ARCHS_STANDARD_64_BIT)";
				CLANG_CXX_LANGUAGE_STANDARD = "gnu++0x";
				CLANG_CXX_LIBRARY = "libc++";
				CLANG_ENABLE_OBJC_ARC = YES;
				CLANG_WARN_CONSTANT_CONVERSION = YES;
				CLANG_WARN_EMPTY_BODY = YES;
				CLANG_WARN_ENUM_CONVERSION = YES;
				CLANG_WARN_INT_CONVERSION = YES;
				CLANG_WARN__DUPLICATE_METHOD_MATCH = YES;
				COPY_PHASE_STRIP = NO;
				GCC_C_LANGUAGE_STANDARD = gnu99;
				GCC_DYNAMIC_NO_PIC = NO;
				GCC_ENABLE_OBJC_EXCEPTIONS = YES;
				GCC_OPTIMIZATION_LEVEL = 0;
				GCC_PREPROCESSOR_DEFINITIONS = (
					"DEBUG=1",
					"$(inherited)",
				);
				GCC_SYMBOLS_PRIVATE_EXTERN = NO;
				GCC_WARN_64_TO_32_BIT_CONVERSION = YES;
				GCC_WARN_ABOUT_RETURN_TYPE = YES;
				GCC_WARN_UNINITIALIZED_AUTOS = YES;
				GCC_WARN_UNUSED_VARIABLE = YES;
				MACOSX_DEPLOYMENT_TARGET = 10.7;
				ONLY_ACTIVE_ARCH = YES;
				OTHER_LDFLAGS = "";
				SDKROOT = macosx;
			};
			name = Debug;
		};
		FBC63AF7170E39D700150828 /* Release */ = {
			isa = XCBuildConfiguration;
			buildSettings = {
				ALWAYS_SEARCH_USER_PATHS = YES;
				ARCHS = "$(ARCHS_STANDARD_64_BIT)";
				CLANG_CXX_LANGUAGE_STANDARD = "gnu++0x";
				CLANG_CXX_LIBRARY = "libc++";
				CLANG_ENABLE_OBJC_ARC = YES;
				CLANG_WARN_CONSTANT_CONVERSION = YES;
				CLANG_WARN_EMPTY_BODY = YES;
				CLANG_WARN_ENUM_CONVERSION = YES;
				CLANG_WARN_INT_CONVERSION = YES;
				CLANG_WARN__DUPLICATE_METHOD_MATCH = YES;
				COPY_PHASE_STRIP = YES;
				DEBUG_INFORMATION_FORMAT = "dwarf-with-dsym";
				GCC_C_LANGUAGE_STANDARD = gnu99;
				GCC_ENABLE_OBJC_EXCEPTIONS = YES;
				GCC_WARN_64_TO_32_BIT_CONVERSION = YES;
				GCC_WARN_ABOUT_RETURN_TYPE = YES;
				GCC_WARN_UNINITIALIZED_AUTOS = YES;
				GCC_WARN_UNUSED_VARIABLE = YES;
				MACOSX_DEPLOYMENT_TARGET = 10.7;
				OTHER_LDFLAGS = "";
				SDKROOT = macosx;
			};
			name = Release;
		};
		FBC63AF9170E39D700150828 /* Debug */ = {
			isa = XCBuildConfiguration;
			buildSettings = {
				ALWAYS_SEARCH_USER_PATHS = YES;
				HEADER_SEARCH_PATHS = /opt/local/include;
				LIBRARY_SEARCH_PATHS = "$(inherited)";
				OTHER_CFLAGS = "";
				"OTHER_CFLAGS[arch=*]" = "-lboost_program_options-mt";
				"OTHER_CPLUSPLUSFLAGS[arch=*]" = "-lboost_program_options-mt";
				PRODUCT_NAME = "$(TARGET_NAME)";
				USER_HEADER_SEARCH_PATHS = "";
			};
			name = Debug;
		};
		FBC63AFA170E39D700150828 /* Release */ = {
			isa = XCBuildConfiguration;
			buildSettings = {
				ALWAYS_SEARCH_USER_PATHS = YES;
				HEADER_SEARCH_PATHS = /opt/local/include;
				LIBRARY_SEARCH_PATHS = "$(inherited)";
				"OTHER_CFLAGS[arch=*]" = "-lboost_program_options-mt";
				"OTHER_CPLUSPLUSFLAGS[arch=*]" = "-lboost_program_options-mt";
				PRODUCT_NAME = "$(TARGET_NAME)";
				USER_HEADER_SEARCH_PATHS = "";
			};
			name = Release;
		};
/* End XCBuildConfiguration section */

/* Begin XCConfigurationList section */
		FBC63AEA170E39D700150828 /* Build configuration list for PBXProject "BoostedDecisionTree" */ = {
			isa = XCConfigurationList;
			buildConfigurations = (
				FBC63AF6170E39D700150828 /* Debug */,
				FBC63AF7170E39D700150828 /* Release */,
			);
			defaultConfigurationIsVisible = 0;
			defaultConfigurationName = Release;
		};
		FBC63AF8170E39D700150828 /* Build configuration list for PBXNativeTarget "BoostedDecisionTree" */ = {
			isa = XCConfigurationList;
			buildConfigurations = (
				FBC63AF9170E39D700150828 /* Debug */,
				FBC63AFA170E39D700150828 /* Release */,
			);
			defaultConfigurationIsVisible = 0;
			defaultConfigurationName = Release;
		};
/* End XCConfigurationList section */
	};
	rootObject = FBC63AE7170E39D700150828 /* Project object */;
}
